
Microsoft Visual Studio Solution File, Format Version 12.00
# Visual Studio Version 16
VisualStudioVersion = 16.0.32413.511
MinimumVisualStudioVersion = 10.0.40219.1
Project("{FAE04EC0-301F-11D3-BF4B-00C04F79EFBC}") = "social_network", "social_network\social_network.csproj", "{AF3E99B9-F319-429A-A41C-486E7F2064D3}"
EndProject
Global
	GlobalSection(SolutionConfigurationPlatforms) = preSolution
		Debug|Any CPU = Debug|Any CPU
		Release|Any CPU = Release|Any CPU
	EndGlobalSection
	GlobalSection(ProjectConfigurationPlatforms) = postSolution
		{AF3E99B9-F319-429A-A41C-486E7F2064D3}.Debug|Any CPU.ActiveCfg = Debug|Any CPU
		{AF3E99B9-F319-429A-A41C-486E7F2064D3}.Debug|Any CPU.Build.0 = Debug|Any CPU
		{AF3E99B9-F319-429A-A41C-486E7F2064D3}.Release|Any CPU.ActiveCfg = Release|Any CPU
		{AF3E99B9-F319-429A-A41C-486E7F2064D3}.Release|Any CPU.Build.0 = Release|Any CPU
	EndGlobalSection
	GlobalSection(SolutionProperties) = preSolution
		HideSolutionNode = FALSE
	EndGlobalSection
	GlobalSection(ExtensibilityGlobals) = postSolution
		SolutionGuid = {E95E8852-CBBC-421E-9795-BE96E08BD008}
	EndGlobalSection
EndGlobal
